
Microsoft Visual Studio Solution File, Format Version 12.00
# Visual Studio 15
VisualStudioVersion = 15.0.28307.106
MinimumVisualStudioVersion = 10.0.40219.1
Project("{FAE04EC0-301F-11D3-BF4B-00C04F79EFBC}") = "MarlinWebApp", "MarlinWebApp\MarlinWebApp.csproj", "{7F577781-B742-47C7-A8B5-9FB5D2136A89}"
EndProject
Project("{FAE04EC0-301F-11D3-BF4B-00C04F79EFBC}") = "MarlinApp.Data", "MarlinApp.Data\MarlinApp.Data.csproj", "{A208A039-97AF-4A4B-B2B4-6B7812FBD98F}"
EndProject
Project("{FAE04EC0-301F-11D3-BF4B-00C04F79EFBC}") = "MarlinWebApp.Repo", "MarlinWebApp.Repo\MarlinWebApp.Repo.csproj", "{8820415B-F7FA-41A0-872A-0C8022DB846E}"
EndProject
Global
	GlobalSection(SolutionConfigurationPlatforms) = preSolution
		Debug|Any CPU = Debug|Any CPU
		Release|Any CPU = Release|Any CPU
	EndGlobalSection
	GlobalSection(ProjectConfigurationPlatforms) = postSolution
		{7F577781-B742-47C7-A8B5-9FB5D2136A89}.Debug|Any CPU.ActiveCfg = Debug|Any CPU
		{7F577781-B742-47C7-A8B5-9FB5D2136A89}.Debug|Any CPU.Build.0 = Debug|Any CPU
		{7F577781-B742-47C7-A8B5-9FB5D2136A89}.Release|Any CPU.ActiveCfg = Release|Any CPU
		{7F577781-B742-47C7-A8B5-9FB5D2136A89}.Release|Any CPU.Build.0 = Release|Any CPU
		{A208A039-97AF-4A4B-B2B4-6B7812FBD98F}.Debug|Any CPU.ActiveCfg = Debug|Any CPU
		{A208A039-97AF-4A4B-B2B4-6B7812FBD98F}.Debug|Any CPU.Build.0 = Debug|Any CPU
		{A208A039-97AF-4A4B-B2B4-6B7812FBD98F}.Release|Any CPU.ActiveCfg = Release|Any CPU
		{A208A039-97AF-4A4B-B2B4-6B7812FBD98F}.Release|Any CPU.Build.0 = Release|Any CPU
		{8820415B-F7FA-41A0-872A-0C8022DB846E}.Debug|Any CPU.ActiveCfg = Debug|Any CPU
		{8820415B-F7FA-41A0-872A-0C8022DB846E}.Debug|Any CPU.Build.0 = Debug|Any CPU
		{8820415B-F7FA-41A0-872A-0C8022DB846E}.Release|Any CPU.ActiveCfg = Release|Any CPU
		{8820415B-F7FA-41A0-872A-0C8022DB846E}.Release|Any CPU.Build.0 = Release|Any CPU
	EndGlobalSection
	GlobalSection(SolutionProperties) = preSolution
		HideSolutionNode = FALSE
	EndGlobalSection
	GlobalSection(ExtensibilityGlobals) = postSolution
		SolutionGuid = {876D7BEF-A147-41BB-A09E-A17B8E69B779}
	EndGlobalSection
EndGlobal
